
Microsoft Visual Studio Solution File, Format Version 12.00
# Visual Studio Version 17
VisualStudioVersion = 17.7.34221.43
MinimumVisualStudioVersion = 10.0.40219.1
Project("{FAE04EC0-301F-11D3-BF4B-00C04F79EFBC}") = "Newstart", "Newstart\Newstart.csproj", "{97E3EFAE-9475-49B6-BD52-A73C75B695D0}"
EndProject
Global
	GlobalSection(SolutionConfigurationPlatforms) = preSolution
		Debug|Any CPU = Debug|Any CPU
		Release|Any CPU = Release|Any CPU
	EndGlobalSection
	GlobalSection(ProjectConfigurationPlatforms) = postSolution
		{97E3EFAE-9475-49B6-BD52-A73C75B695D0}.Debug|Any CPU.ActiveCfg = Debug|Any CPU
		{97E3EFAE-9475-49B6-BD52-A73C75B695D0}.Debug|Any CPU.Build.0 = Debug|Any CPU
		{97E3EFAE-9475-49B6-BD52-A73C75B695D0}.Release|Any CPU.ActiveCfg = Release|Any CPU
		{97E3EFAE-9475-49B6-BD52-A73C75B695D0}.Release|Any CPU.Build.0 = Release|Any CPU
	EndGlobalSection
	GlobalSection(SolutionProperties) = preSolution
		HideSolutionNode = FALSE
	EndGlobalSection
	GlobalSection(ExtensibilityGlobals) = postSolution
		SolutionGuid = {7462F4FF-F206-4005-AC03-C94837659472}
	EndGlobalSection
EndGlobal
